
Microsoft Visual Studio Solution File, Format Version 12.00
# Visual Studio Version 16
VisualStudioVersion = 16.0.29613.14
MinimumVisualStudioVersion = 10.0.40219.1
Project("{9A19103F-16F7-4668-BE54-9A1E7A4F7556}") = "BlazorMovies.Server", "BlazorMovies\Server\BlazorMovies.Server.csproj", "{343864B9-1E8F-4333-A7D9-D7BCB7EED0C6}"
EndProject
Project("{9A19103F-16F7-4668-BE54-9A1E7A4F7556}") = "BlazorMovies.Client", "BlazorMovies\Client\BlazorMovies.Client.csproj", "{F635A966-F8A6-45F6-8B50-403223B42D4F}"
EndProject
Project("{9A19103F-16F7-4668-BE54-9A1E7A4F7556}") = "BlazorMovies.Shared", "BlazorMovies\Shared\BlazorMovies.Shared.csproj", "{C5578975-6950-4C31-8C3E-FBA23D8C9EBD}"
EndProject
Global
	GlobalSection(SolutionConfigurationPlatforms) = preSolution
		Debug|Any CPU = Debug|Any CPU
		Release|Any CPU = Release|Any CPU
	EndGlobalSection
	GlobalSection(ProjectConfigurationPlatforms) = postSolution
		{343864B9-1E8F-4333-A7D9-D7BCB7EED0C6}.Debug|Any CPU.ActiveCfg = Debug|Any CPU
		{343864B9-1E8F-4333-A7D9-D7BCB7EED0C6}.Debug|Any CPU.Build.0 = Debug|Any CPU
		{343864B9-1E8F-4333-A7D9-D7BCB7EED0C6}.Release|Any CPU.ActiveCfg = Release|Any CPU
		{343864B9-1E8F-4333-A7D9-D7BCB7EED0C6}.Release|Any CPU.Build.0 = Release|Any CPU
		{F635A966-F8A6-45F6-8B50-403223B42D4F}.Debug|Any CPU.ActiveCfg = Debug|Any CPU
		{F635A966-F8A6-45F6-8B50-403223B42D4F}.Debug|Any CPU.Build.0 = Debug|Any CPU
		{F635A966-F8A6-45F6-8B50-403223B42D4F}.Release|Any CPU.ActiveCfg = Release|Any CPU
		{F635A966-F8A6-45F6-8B50-403223B42D4F}.Release|Any CPU.Build.0 = Release|Any CPU
		{C5578975-6950-4C31-8C3E-FBA23D8C9EBD}.Debug|Any CPU.ActiveCfg = Debug|Any CPU
		{C5578975-6950-4C31-8C3E-FBA23D8C9EBD}.Debug|Any CPU.Build.0 = Debug|Any CPU
		{C5578975-6950-4C31-8C3E-FBA23D8C9EBD}.Release|Any CPU.ActiveCfg = Release|Any CPU
		{C5578975-6950-4C31-8C3E-FBA23D8C9EBD}.Release|Any CPU.Build.0 = Release|Any CPU
	EndGlobalSection
	GlobalSection(SolutionProperties) = preSolution
		HideSolutionNode = FALSE
	EndGlobalSection
	GlobalSection(ExtensibilityGlobals) = postSolution
		SolutionGuid = {3826795D-5EC6-4CAC-BEDA-A4318C37252F}
	EndGlobalSection
EndGlobal
